{
  "name": "@twain/responsive-avatar",
  "version": "0.0.0",
  "lockfileVersion": 1,
  "requires": true,
  "dependencies": {
    "@twain/avatar": {
      "version": "1.0.0-alpha.11",
      "resolved": "https://registry.npmjs.org/@twain/avatar/-/avatar-1.0.0-alpha.11.tgz",
      "integrity": "sha512-Y2dYYj7CWNCrxqI9eQqs9mO0PqvOn1pHHK5HZu4bChQXjBq4WgCSQpFXEVN3bXA6pynIlEq+MeG1PYea91ik4w=="
    }
  }
}
